
Microsoft Visual Studio Solution File, Format Version 12.00
# Visual Studio Version 16
VisualStudioVersion = 16.0.30406.217
MinimumVisualStudioVersion = 10.0.40219.1
Project("{FAE04EC0-301F-11D3-BF4B-00C04F79EFBC}") = "SHA256HMAC-GUI", "SHA256HMAC-GUI\SHA256HMAC-GUI.csproj", "{F049A632-9098-46C9-97D4-8767D8174005}"
EndProject
Global
	GlobalSection(SolutionConfigurationPlatforms) = preSolution
		Debug|Any CPU = Debug|Any CPU
		Release|Any CPU = Release|Any CPU
	EndGlobalSection
	GlobalSection(ProjectConfigurationPlatforms) = postSolution
		{F049A632-9098-46C9-97D4-8767D8174005}.Debug|Any CPU.ActiveCfg = Debug|Any CPU
		{F049A632-9098-46C9-97D4-8767D8174005}.Debug|Any CPU.Build.0 = Debug|Any CPU
		{F049A632-9098-46C9-97D4-8767D8174005}.Release|Any CPU.ActiveCfg = Release|Any CPU
		{F049A632-9098-46C9-97D4-8767D8174005}.Release|Any CPU.Build.0 = Release|Any CPU
	EndGlobalSection
	GlobalSection(SolutionProperties) = preSolution
		HideSolutionNode = FALSE
	EndGlobalSection
	GlobalSection(ExtensibilityGlobals) = postSolution
		SolutionGuid = {15734006-DFF1-4B67-B915-86FB7680505E}
	EndGlobalSection
EndGlobal
